
Microsoft Visual Studio Solution File, Format Version 12.00
# Visual Studio 2013
VisualStudioVersion = 12.0.40629.0
MinimumVisualStudioVersion = 10.0.40219.1
Project("{FAE04EC0-301F-11D3-BF4B-00C04F79EFBC}") = "Plankton", "Plankton\Plankton.csproj", "{8CFFC55A-97BB-4A47-91B8-9EF48B836781}"
EndProject
Project("{FAE04EC0-301F-11D3-BF4B-00C04F79EFBC}") = "test", "test\test.csproj", "{72ACCE99-E4CD-4EF3-87CC-06C7A7030758}"
EndProject
Project("{FAE04EC0-301F-11D3-BF4B-00C04F79EFBC}") = "test2", "test2\test2.csproj", "{4C67F7DC-3DC2-43EA-BC6B-C28BB950E785}"
EndProject
Project("{FAE04EC0-301F-11D3-BF4B-00C04F79EFBC}") = "test3", "test3\test3.csproj", "{5780CCC5-B7C7-44E0-AD7A-9C95ACB954BA}"
EndProject
Global
	GlobalSection(SolutionConfigurationPlatforms) = preSolution
		Debug|Any CPU = Debug|Any CPU
		Release|Any CPU = Release|Any CPU
	EndGlobalSection
	GlobalSection(ProjectConfigurationPlatforms) = postSolution
		{8CFFC55A-97BB-4A47-91B8-9EF48B836781}.Debug|Any CPU.ActiveCfg = Debug|Any CPU
		{8CFFC55A-97BB-4A47-91B8-9EF48B836781}.Debug|Any CPU.Build.0 = Debug|Any CPU
		{8CFFC55A-97BB-4A47-91B8-9EF48B836781}.Release|Any CPU.ActiveCfg = Release|Any CPU
		{8CFFC55A-97BB-4A47-91B8-9EF48B836781}.Release|Any CPU.Build.0 = Release|Any CPU
		{72ACCE99-E4CD-4EF3-87CC-06C7A7030758}.Debug|Any CPU.ActiveCfg = Debug|Any CPU
		{72ACCE99-E4CD-4EF3-87CC-06C7A7030758}.Debug|Any CPU.Build.0 = Debug|Any CPU
		{72ACCE99-E4CD-4EF3-87CC-06C7A7030758}.Release|Any CPU.ActiveCfg = Release|Any CPU
		{72ACCE99-E4CD-4EF3-87CC-06C7A7030758}.Release|Any CPU.Build.0 = Release|Any CPU
		{4C67F7DC-3DC2-43EA-BC6B-C28BB950E785}.Debug|Any CPU.ActiveCfg = Debug|Any CPU
		{4C67F7DC-3DC2-43EA-BC6B-C28BB950E785}.Debug|Any CPU.Build.0 = Debug|Any CPU
		{4C67F7DC-3DC2-43EA-BC6B-C28BB950E785}.Release|Any CPU.ActiveCfg = Release|Any CPU
		{4C67F7DC-3DC2-43EA-BC6B-C28BB950E785}.Release|Any CPU.Build.0 = Release|Any CPU
		{5780CCC5-B7C7-44E0-AD7A-9C95ACB954BA}.Debug|Any CPU.ActiveCfg = Debug|Any CPU
		{5780CCC5-B7C7-44E0-AD7A-9C95ACB954BA}.Debug|Any CPU.Build.0 = Debug|Any CPU
		{5780CCC5-B7C7-44E0-AD7A-9C95ACB954BA}.Release|Any CPU.ActiveCfg = Release|Any CPU
		{5780CCC5-B7C7-44E0-AD7A-9C95ACB954BA}.Release|Any CPU.Build.0 = Release|Any CPU
	EndGlobalSection
	GlobalSection(SolutionProperties) = preSolution
		HideSolutionNode = FALSE
	EndGlobalSection
EndGlobal
